// !$*UTF8*$!
{
	archiveVersion = 1;
	classes = {
	};
	objectVersion = 46;
	objects = {

/* Begin PBXBuildFile section */
		378A23F61D2E70D100065431 /* AppDelegate.swift in Sources */ = {isa = PBXBuildFile; fileRef = 378A23F51D2E70D100065431 /* AppDelegate.swift */; };
		378A23FD1D2E70D100065431 /* Assets.xcassets in Resources */ = {isa = PBXBuildFile; fileRef = 378A23FC1D2E70D100065431 /* Assets.xcassets */; };
		378A24001D2E70D100065431 /* LaunchScreen.storyboard in Resources */ = {isa = PBXBuildFile; fileRef = 378A23FE1D2E70D100065431 /* LaunchScreen.storyboard */; };
		378A240B1D2E70D100065431 /* JokeTests.swift in Sources */ = {isa = PBXBuildFile; fileRef = 378A240A1D2E70D100065431 /* JokeTests.swift */; };
		378A24161D2E70D100065431 /* JokeUITests.swift in Sources */ = {isa = PBXBuildFile; fileRef = 378A24151D2E70D100065431 /* JokeUITests.swift */; };
		378A24271D2E710D00065431 /* Common.swift in Sources */ = {isa = PBXBuildFile; fileRef = 378A24261D2E710D00065431 /* Common.swift */; };
		378A242D1D2E716200065431 /* Mine.swift in Sources */ = {isa = PBXBuildFile; fileRef = 378A242C1D2E716200065431 /* Mine.swift */; };
		378A242F1D2E718E00065431 /* Main.swift in Sources */ = {isa = PBXBuildFile; fileRef = 378A242E1D2E718E00065431 /* Main.swift */; };
		378A24311D2E719700065431 /* PureText.swift in Sources */ = {isa = PBXBuildFile; fileRef = 378A24301D2E719700065431 /* PureText.swift */; };
		378A24331D2E719F00065431 /* PurePicture.swift in Sources */ = {isa = PBXBuildFile; fileRef = 378A24321D2E719F00065431 /* PurePicture.swift */; };
		378A24351D2E71A800065431 /* API.swift in Sources */ = {isa = PBXBuildFile; fileRef = 378A24341D2E71A800065431 /* API.swift */; };
		378A24391D2E731800065431 /* Result.swift in Sources */ = {isa = PBXBuildFile; fileRef = 378A24371D2E731800065431 /* Result.swift */; };
		378A243A1D2E731800065431 /* RootClass.swift in Sources */ = {isa = PBXBuildFile; fileRef = 378A24381D2E731800065431 /* RootClass.swift */; };
		378A243C1D2E731D00065431 /* Data.swift in Sources */ = {isa = PBXBuildFile; fileRef = 378A243B1D2E731D00065431 /* Data.swift */; };
		378A24401D2E736600065431 /* Guide.swift in Sources */ = {isa = PBXBuildFile; fileRef = 378A243F1D2E736600065431 /* Guide.swift */; };
		378A24431D2E740100065431 /* PureTextCell.swift in Sources */ = {isa = PBXBuildFile; fileRef = 378A24421D2E740100065431 /* PureTextCell.swift */; };
		37B966CD1D2E9A1C00B25A32 /* MineInfoCell.swift in Sources */ = {isa = PBXBuildFile; fileRef = 37B966CC1D2E9A1C00B25A32 /* MineInfoCell.swift */; };
		37B966D11D2E9E9D00B25A32 /* PurePictureCell.swift in Sources */ = {isa = PBXBuildFile; fileRef = 37B966D01D2E9E9D00B25A32 /* PurePictureCell.swift */; };
		532A41240A7C7DC257F7B0B8 /* Pods_JokeUITests.framework in Frameworks */ = {isa = PBXBuildFile; fileRef = C891C28CE59B0596A71208F7 /* Pods_JokeUITests.framework */; };
		642EBF0F8B9144EE9AE0DEF2 /* Pods_Joke.framework in Frameworks */ = {isa = PBXBuildFile; fileRef = 0C421B1274B1D28E75947492 /* Pods_Joke.framework */; };
		C8315CF293F1F0F9137FE3E8 /* Pods_JokeTests.framework in Frameworks */ = {isa = PBXBuildFile; fileRef = 55518C5A70303F695C1CE8BF /* Pods_JokeTests.framework */; };
/* End PBXBuildFile section */

/* Begin PBXContainerItemProxy section */
		378A24071D2E70D100065431 /* PBXContainerItemProxy */ = {
			isa = PBXContainerItemProxy;
			containerPortal = 378A23EA1D2E70D100065431 /* Project object */;
			proxyType = 1;
			remoteGlobalIDString = 378A23F11D2E70D100065431;
			remoteInfo = Joke;
		};
		378A24121D2E70D100065431 /* PBXContainerItemProxy */ = {
			isa = PBXContainerItemProxy;
			containerPortal = 378A23EA1D2E70D100065431 /* Project object */;
			proxyType = 1;
			remoteGlobalIDString = 378A23F11D2E70D100065431;
			remoteInfo = Joke;
		};
/* End PBXContainerItemProxy section */

/* Begin PBXFileReference section */
		0C421B1274B1D28E75947492 /* Pods_Joke.framework */ = {isa = PBXFileReference; explicitFileType = wrapper.framework; includeInIndex = 0; path = Pods_Joke.framework; sourceTree = BUILT_PRODUCTS_DIR; };
		1ADB41CC8DBD09FBB054E99F /* Pods-JokeTests.release.xcconfig */ = {isa = PBXFileReference; includeInIndex = 1; lastKnownFileType = text.xcconfig; name = "Pods-JokeTests.release.xcconfig"; path = "Pods/Target Support Files/Pods-JokeTests/Pods-JokeTests.release.xcconfig"; sourceTree = "<group>"; };
		378A23F21D2E70D100065431 /* Joke.app */ = {isa = PBXFileReference; explicitFileType = wrapper.application; includeInIndex = 0; path = Joke.app; sourceTree = BUILT_PRODUCTS_DIR; };
		378A23F51D2E70D100065431 /* AppDelegate.swift */ = {isa = PBXFileReference; lastKnownFileType = sourcecode.swift; path = AppDelegate.swift; sourceTree = "<group>"; };
		378A23FC1D2E70D100065431 /* Assets.xcassets */ = {isa = PBXFileReference; lastKnownFileType = folder.assetcatalog; path = Assets.xcassets; sourceTree = "<group>"; };
		378A23FF1D2E70D100065431 /* Base */ = {isa = PBXFileReference; lastKnownFileType = file.storyboard; name = Base; path = Base.lproj/LaunchScreen.storyboard; sourceTree = "<group>"; };
		378A24011D2E70D100065431 /* Info.plist */ = {isa = PBXFileReference; lastKnownFileType = text.plist.xml; path = Info.plist; sourceTree = "<group>"; };
		378A24061D2E70D100065431 /* JokeTests.xctest */ = {isa = PBXFileReference; explicitFileType = wrapper.cfbundle; includeInIndex = 0; path = JokeTests.xctest; sourceTree = BUILT_PRODUCTS_DIR; };
		378A240A1D2E70D100065431 /* JokeTests.swift */ = {isa = PBXFileReference; lastKnownFileType = sourcecode.swift; path = JokeTests.swift; sourceTree = "<group>"; };
		378A240C1D2E70D100065431 /* Info.plist */ = {isa = PBXFileReference; lastKnownFileType = text.plist.xml; path = Info.plist; sourceTree = "<group>"; };
		378A24111D2E70D100065431 /* JokeUITests.xctest */ = {isa = PBXFileReference; explicitFileType = wrapper.cfbundle; includeInIndex = 0; path = JokeUITests.xctest; sourceTree = BUILT_PRODUCTS_DIR; };
		378A24151D2E70D100065431 /* JokeUITests.swift */ = {isa = PBXFileReference; lastKnownFileType = sourcecode.swift; path = JokeUITests.swift; sourceTree = "<group>"; };
		378A24171D2E70D100065431 /* Info.plist */ = {isa = PBXFileReference; lastKnownFileType = text.plist.xml; path = Info.plist; sourceTree = "<group>"; };
		378A24261D2E710D00065431 /* Common.swift */ = {isa = PBXFileReference; fileEncoding = 4; lastKnownFileType = sourcecode.swift; path = Common.swift; sourceTree = "<group>"; };
		378A242C1D2E716200065431 /* Mine.swift */ = {isa = PBXFileReference; fileEncoding = 4; lastKnownFileType = sourcecode.swift; path = Mine.swift; sourceTree = "<group>"; };
		378A242E1D2E718E00065431 /* Main.swift */ = {isa = PBXFileReference; fileEncoding = 4; lastKnownFileType = sourcecode.swift; path = Main.swift; sourceTree = "<group>"; };
		378A24301D2E719700065431 /* PureText.swift */ = {isa = PBXFileReference; fileEncoding = 4; lastKnownFileType = sourcecode.swift; path = PureText.swift; sourceTree = "<group>"; };
		378A24321D2E719F00065431 /* PurePicture.swift */ = {isa = PBXFileReference; fileEncoding = 4; lastKnownFileType = sourcecode.swift; path = PurePicture.swift; sourceTree = "<group>"; };
		378A24341D2E71A800065431 /* API.swift */ = {isa = PBXFileReference; fileEncoding = 4; lastKnownFileType = sourcecode.swift; path = API.swift; sourceTree = "<group>"; };
		378A24371D2E731800065431 /* Result.swift */ = {isa = PBXFileReference; fileEncoding = 4; lastKnownFileType = sourcecode.swift; path = Result.swift; sourceTree = "<group>"; };
		378A24381D2E731800065431 /* RootClass.swift */ = {isa = PBXFileReference; fileEncoding = 4; lastKnownFileType = sourcecode.swift; path = RootClass.swift; sourceTree = "<group>"; };
		378A243B1D2E731D00065431 /* Data.swift */ = {isa = PBXFileReference; fileEncoding = 4; lastKnownFileType = sourcecode.swift; path = Data.swift; sourceTree = "<group>"; };
		378A243F1D2E736600065431 /* Guide.swift */ = {isa = PBXFileReference; fileEncoding = 4; lastKnownFileType = sourcecode.swift; path = Guide.swift; sourceTree = "<group>"; };
		378A24421D2E740100065431 /* PureTextCell.swift */ = {isa = PBXFileReference; fileEncoding = 4; lastKnownFileType = sourcecode.swift; path = PureTextCell.swift; sourceTree = "<group>"; };
		37B966CC1D2E9A1C00B25A32 /* MineInfoCell.swift */ = {isa = PBXFileReference; fileEncoding = 4; lastKnownFileType = sourcecode.swift; path = MineInfoCell.swift; sourceTree = "<group>"; };
		37B966D01D2E9E9D00B25A32 /* PurePictureCell.swift */ = {isa = PBXFileReference; fileEncoding = 4; lastKnownFileType = sourcecode.swift; path = PurePictureCell.swift; sourceTree = "<group>"; };
		55518C5A70303F695C1CE8BF /* Pods_JokeTests.framework */ = {isa = PBXFileReference; explicitFileType = wrapper.framework; includeInIndex = 0; path = Pods_JokeTests.framework; sourceTree = BUILT_PRODUCTS_DIR; };
		55EE2D56584BF71C5F1A9DBB /* Pods-Joke.release.xcconfig */ = {isa = PBXFileReference; includeInIndex = 1; lastKnownFileType = text.xcconfig; name = "Pods-Joke.release.xcconfig"; path = "Pods/Target Support Files/Pods-Joke/Pods-Joke.release.xcconfig"; sourceTree = "<group>"; };
		849EFC4714B30CBD0EC3F1B8 /* Pods-JokeUITests.release.xcconfig */ = {isa = PBXFileReference; includeInIndex = 1; lastKnownFileType = text.xcconfig; name = "Pods-JokeUITests.release.xcconfig"; path = "Pods/Target Support Files/Pods-JokeUITests/Pods-JokeUITests.release.xcconfig"; sourceTree = "<group>"; };
		8B7AD8496F2192A839A5ACA1 /* Pods-JokeUITests.debug.xcconfig */ = {isa = PBXFileReference; includeInIndex = 1; lastKnownFileType = text.xcconfig; name = "Pods-JokeUITests.debug.xcconfig"; path = "Pods/Target Support Files/Pods-JokeUITests/Pods-JokeUITests.debug.xcconfig"; sourceTree = "<group>"; };
		C891C28CE59B0596A71208F7 /* Pods_JokeUITests.framework */ = {isa = PBXFileReference; explicitFileType = wrapper.framework; includeInIndex = 0; path = Pods_JokeUITests.framework; sourceTree = BUILT_PRODUCTS_DIR; };
		D71822DC9D59ED530348D231 /* Pods-JokeTests.debug.xcconfig */ = {isa = PBXFileReference; includeInIndex = 1; lastKnownFileType = text.xcconfig; name = "Pods-JokeTests.debug.xcconfig"; path = "Pods/Target Support Files/Pods-JokeTests/Pods-JokeTests.debug.xcconfig"; sourceTree = "<group>"; };
		DF7BF22AE273E18111EDC229 /* Pods-Joke.debug.xcconfig */ = {isa = PBXFileReference; includeInIndex = 1; lastKnownFileType = text.xcconfig; name = "Pods-Joke.debug.xcconfig"; path = "Pods/Target Support Files/Pods-Joke/Pods-Joke.debug.xcconfig"; sourceTree = "<group>"; };
/* End PBXFileReference section */

/* Begin PBXFrameworksBuildPhase section */
		378A23EF1D2E70D100065431 /* Frameworks */ = {
			isa = PBXFrameworksBuildPhase;
			buildActionMask = 2147483647;
			files = (
				642EBF0F8B9144EE9AE0DEF2 /* Pods_Joke.framework in Frameworks */,
			);
			runOnlyForDeploymentPostprocessing = 0;
		};
		378A24031D2E70D100065431 /* Frameworks */ = {
			isa = PBXFrameworksBuildPhase;
			buildActionMask = 2147483647;
			files = (
				C8315CF293F1F0F9137FE3E8 /* Pods_JokeTests.framework in Frameworks */,
			);
			runOnlyForDeploymentPostprocessing = 0;
		};
		378A240E1D2E70D100065431 /* Frameworks */ = {
			isa = PBXFrameworksBuildPhase;
			buildActionMask = 2147483647;
			files = (
				532A41240A7C7DC257F7B0B8 /* Pods_JokeUITests.framework in Frameworks */,
			);
			runOnlyForDeploymentPostprocessing = 0;
		};
/* End PBXFrameworksBuildPhase section */

/* Begin PBXGroup section */
		378A23E91D2E70D100065431 = {
			isa = PBXGroup;
			children = (
				378A23F41D2E70D100065431 /* Joke */,
				378A24091D2E70D100065431 /* JokeTests */,
				378A24141D2E70D100065431 /* JokeUITests */,
				378A23F31D2E70D100065431 /* Products */,
				EAD37F70FD8242932A4508C3 /* Pods */,
				961DC8A7988C43788AA7C5B3 /* Frameworks */,
			);
			sourceTree = "<group>";
		};
		378A23F31D2E70D100065431 /* Products */ = {
			isa = PBXGroup;
			children = (
				378A23F21D2E70D100065431 /* Joke.app */,
				378A24061D2E70D100065431 /* JokeTests.xctest */,
				378A24111D2E70D100065431 /* JokeUITests.xctest */,
			);
			name = Products;
			sourceTree = "<group>";
		};
		378A23F41D2E70D100065431 /* Joke */ = {
			isa = PBXGroup;
			children = (
				378A243E1D2E735F00065431 /* Guide */,
				378A24231D2E70DF00065431 /* Application */,
				378A24281D2E711E00065431 /* Main */,
				378A24291D2E712400065431 /* PureText */,
				378A242A1D2E714500065431 /* PurePicture */,
				378A242B1D2E715800065431 /* Mine */,
				378A24251D2E70FE00065431 /* API */,
				378A24241D2E70E900065431 /* Support */,
			);
			path = Joke;
			sourceTree = "<group>";
		};
		378A24091D2E70D100065431 /* JokeTests */ = {
			isa = PBXGroup;
			children = (
				378A240A1D2E70D100065431 /* JokeTests.swift */,
				378A240C1D2E70D100065431 /* Info.plist */,
			);
			path = JokeTests;
			sourceTree = "<group>";
		};
		378A24141D2E70D100065431 /* JokeUITests */ = {
			isa = PBXGroup;
			children = (
				378A24151D2E70D100065431 /* JokeUITests.swift */,
				378A24171D2E70D100065431 /* Info.plist */,
			);
			path = JokeUITests;
			sourceTree = "<group>";
		};
		378A24231D2E70DF00065431 /* Application */ = {
			isa = PBXGroup;
			children = (
				378A24261D2E710D00065431 /* Common.swift */,
				378A23F51D2E70D100065431 /* AppDelegate.swift */,
			);
			name = Application;
			sourceTree = "<group>";
		};
		378A24241D2E70E900065431 /* Support */ = {
			isa = PBXGroup;
			children = (
				378A23FC1D2E70D100065431 /* Assets.xcassets */,
				378A23FE1D2E70D100065431 /* LaunchScreen.storyboard */,
				378A24011D2E70D100065431 /* Info.plist */,
			);
			name = Support;
			sourceTree = "<group>";
		};
		378A24251D2E70FE00065431 /* API */ = {
			isa = PBXGroup;
			children = (
				378A24341D2E71A800065431 /* API.swift */,
			);
			name = API;
			sourceTree = "<group>";
		};
		378A24281D2E711E00065431 /* Main */ = {
			isa = PBXGroup;
			children = (
				378A242E1D2E718E00065431 /* Main.swift */,
			);
			name = Main;
			sourceTree = "<group>";
		};
		378A24291D2E712400065431 /* PureText */ = {
			isa = PBXGroup;
			children = (
				378A24411D2E73EC00065431 /* v */,
				378A243D1D2E732500065431 /* C */,
				378A24361D2E730000065431 /* Model */,
			);
			name = PureText;
			sourceTree = "<group>";
		};
		378A242A1D2E714500065431 /* PurePicture */ = {
			isa = PBXGroup;
			children = (
				37CAA64C1D2FF95F0058CDBF /* M */,
				37B966D61D2EAD8400B25A32 /* V */,
				37B966CE1D2E9D6C00B25A32 /* C */,
			);
			name = PurePicture;
			sourceTree = "<group>";
		};
		378A242B1D2E715800065431 /* Mine */ = {
			isa = PBXGroup;
			children = (
				378A242C1D2E716200065431 /* Mine.swift */,
				37B966CC1D2E9A1C00B25A32 /* MineInfoCell.swift */,
			);
			name = Mine;
			sourceTree = "<group>";
		};
		378A24361D2E730000065431 /* Model */ = {
			isa = PBXGroup;
			children = (
				378A243B1D2E731D00065431 /* Data.swift */,
				378A24371D2E731800065431 /* Result.swift */,
				378A24381D2E731800065431 /* RootClass.swift */,
			);
			name = Model;
			sourceTree = "<group>";
		};
		378A243D1D2E732500065431 /* C */ = {
			isa = PBXGroup;
			children = (
				378A24301D2E719700065431 /* PureText.swift */,
			);
			name = C;
			sourceTree = "<group>";
		};
		378A243E1D2E735F00065431 /* Guide */ = {
			isa = PBXGroup;
			children = (
				378A243F1D2E736600065431 /* Guide.swift */,
			);
			name = Guide;
			sourceTree = "<group>";
		};
		378A24411D2E73EC00065431 /* v */ = {
			isa = PBXGroup;
			children = (
				378A24421D2E740100065431 /* PureTextCell.swift */,
			);
			name = v;
			sourceTree = "<group>";
		};
		37B966CE1D2E9D6C00B25A32 /* C */ = {
			isa = PBXGroup;
			children = (
				378A24321D2E719F00065431 /* PurePicture.swift */,
			);
			name = C;
			sourceTree = "<group>";
		};
		37B966D61D2EAD8400B25A32 /* V */ = {
			isa = PBXGroup;
			children = (
				37B966D01D2E9E9D00B25A32 /* PurePictureCell.swift */,
			);
			name = V;
			sourceTree = "<group>";
		};
		37CAA64C1D2FF95F0058CDBF /* M */ = {
			isa = PBXGroup;
			children = (
			);
			name = M;
			sourceTree = "<group>";
		};
		961DC8A7988C43788AA7C5B3 /* Frameworks */ = {
			isa = PBXGroup;
			children = (
				0C421B1274B1D28E75947492 /* Pods_Joke.framework */,
				55518C5A70303F695C1CE8BF /* Pods_JokeTests.framework */,
				C891C28CE59B0596A71208F7 /* Pods_JokeUITests.framework */,
			);
			name = Frameworks;
			sourceTree = "<group>";
		};
		EAD37F70FD8242932A4508C3 /* Pods */ = {
			isa = PBXGroup;
			children = (
				DF7BF22AE273E18111EDC229 /* Pods-Joke.debug.xcconfig */,
				55EE2D56584BF71C5F1A9DBB /* Pods-Joke.release.xcconfig */,
				D71822DC9D59ED530348D231 /* Pods-JokeTests.debug.xcconfig */,
				1ADB41CC8DBD09FBB054E99F /* Pods-JokeTests.release.xcconfig */,
				8B7AD8496F2192A839A5ACA1 /* Pods-JokeUITests.debug.xcconfig */,
				849EFC4714B30CBD0EC3F1B8 /* Pods-JokeUITests.release.xcconfig */,
			);
			name = Pods;
			sourceTree = "<group>";
		};
/* End PBXGroup section */

/* Begin PBXNativeTarget section */
		378A23F11D2E70D100065431 /* Joke */ = {
			isa = PBXNativeTarget;
			buildConfigurationList = 378A241A1D2E70D100065431 /* Build configuration list for PBXNativeTarget "Joke" */;
			buildPhases = (
				B823C631B2C0CD9A2EDEBF8C /* [CP] Check Pods Manifest.lock */,
				378A23EE1D2E70D100065431 /* Sources */,
				378A23EF1D2E70D100065431 /* Frameworks */,
				378A23F01D2E70D100065431 /* Resources */,
				6AC9A252010AF723129580CC /* [CP] Embed Pods Frameworks */,
				5D6C3E716F0E81DB60F42D1D /* [CP] Copy Pods Resources */,
			);
			buildRules = (
			);
			dependencies = (
			);
			name = Joke;
			productName = Joke;
			productReference = 378A23F21D2E70D100065431 /* Joke.app */;
			productType = "com.apple.product-type.application";
		};
		378A24051D2E70D100065431 /* JokeTests */ = {
			isa = PBXNativeTarget;
			buildConfigurationList = 378A241D1D2E70D100065431 /* Build configuration list for PBXNativeTarget "JokeTests" */;
			buildPhases = (
				9037627125AA6D2C500DF809 /* [CP] Check Pods Manifest.lock */,
				378A24021D2E70D100065431 /* Sources */,
				378A24031D2E70D100065431 /* Frameworks */,
				378A24041D2E70D100065431 /* Resources */,
				2F174F72E455CFE6D5EF0E5B /* [CP] Embed Pods Frameworks */,
				0733D73D94330683E0E114FE /* [CP] Copy Pods Resources */,
			);
			buildRules = (
			);
			dependencies = (
				378A24081D2E70D100065431 /* PBXTargetDependency */,
			);
			name = JokeTests;
			productName = JokeTests;
			productReference = 378A24061D2E70D100065431 /* JokeTests.xctest */;
			productType = "com.apple.product-type.bundle.unit-test";
		};
		378A24101D2E70D100065431 /* JokeUITests */ = {
			isa = PBXNativeTarget;
			buildConfigurationList = 378A24201D2E70D100065431 /* Build configuration list for PBXNativeTarget "JokeUITests" */;
			buildPhases = (
				93BD0A3141962F8E449FA971 /* [CP] Check Pods Manifest.lock */,
				378A240D1D2E70D100065431 /* Sources */,
				378A240E1D2E70D100065431 /* Frameworks */,
				378A240F1D2E70D100065431 /* Resources */,
				CAF9A13BD8A616BF43E96C2B /* [CP] Copy Pods Resources */,
			);
			buildRules = (
			);
			dependencies = (
				378A24131D2E70D100065431 /* PBXTargetDependency */,
			);
			name = JokeUITests;
			productName = JokeUITests;
			productReference = 378A24111D2E70D100065431 /* JokeUITests.xctest */;
			productType = "com.apple.product-type.bundle.ui-testing";
		};
/* End PBXNativeTarget section */

/* Begin PBXProject section */
		378A23EA1D2E70D100065431 /* Project object */ = {
			isa = PBXProject;
			attributes = {
				LastSwiftUpdateCheck = 0730;
				LastUpgradeCheck = 0730;
				ORGANIZATIONNAME = Bing;
				TargetAttributes = {
					378A23F11D2E70D100065431 = {
						CreatedOnToolsVersion = 7.3.1;
					};
					378A24051D2E70D100065431 = {
						CreatedOnToolsVersion = 7.3.1;
						TestTargetID = 378A23F11D2E70D100065431;
					};
					378A24101D2E70D100065431 = {
						CreatedOnToolsVersion = 7.3.1;
						TestTargetID = 378A23F11D2E70D100065431;
					};
				};
			};
			buildConfigurationList = 378A23ED1D2E70D100065431 /* Build configuration list for PBXProject "Joke" */;
			compatibilityVersion = "Xcode 3.2";
			developmentRegion = English;
			hasScannedForEncodings = 0;
			knownRegions = (
				en,
				Base,
			);
			mainGroup = 378A23E91D2E70D100065431;
			productRefGroup = 378A23F31D2E70D100065431 /* Products */;
			projectDirPath = "";
			projectRoot = "";
			targets = (
				378A23F11D2E70D100065431 /* Joke */,
				378A24051D2E70D100065431 /* JokeTests */,
				378A24101D2E70D100065431 /* JokeUITests */,
			);
		};
/* End PBXProject section */

/* Begin PBXResourcesBuildPhase section */
		378A23F01D2E70D100065431 /* Resources */ = {
			isa = PBXResourcesBuildPhase;
			buildActionMask = 2147483647;
			files = (
				378A24001D2E70D100065431 /* LaunchScreen.storyboard in Resources */,
				378A23FD1D2E70D100065431 /* Assets.xcassets in Resources */,
			);
			runOnlyForDeploymentPostprocessing = 0;
		};
		378A24041D2E70D100065431 /* Resources */ = {
			isa = PBXResourcesBuildPhase;
			buildActionMask = 2147483647;
			files = (
			);
			runOnlyForDeploymentPostprocessing = 0;
		};
		378A240F1D2E70D100065431 /* Resources */ = {
			isa = PBXResourcesBuildPhase;
			buildActionMask = 2147483647;
			files = (
			);
			runOnlyForDeploymentPostprocessing = 0;
		};
/* End PBXResourcesBuildPhase section */

/* Begin PBXShellScriptBuildPhase section */
		0733D73D94330683E0E114FE /* [CP] Copy Pods Resources */ = {
			isa = PBXShellScriptBuildPhase;
			buildActionMask = 2147483647;
			files = (
			);
			inputPaths = (
			);
			name = "[CP] Copy Pods Resources";
			outputPaths = (
			);
			runOnlyForDeploymentPostprocessing = 0;
			shellPath = /bin/sh;
			shellScript = "\"${SRCROOT}/Pods/Target Support Files/Pods-JokeTests/Pods-JokeTests-resources.sh\"\n";
			showEnvVarsInLog = 0;
		};
		2F174F72E455CFE6D5EF0E5B /* [CP] Embed Pods Frameworks */ = {
			isa = PBXShellScriptBuildPhase;
			buildActionMask = 2147483647;
			files = (
			);
			inputPaths = (
			);
			name = "[CP] Embed Pods Frameworks";
			outputPaths = (
			);
			runOnlyForDeploymentPostprocessing = 0;
			shellPath = /bin/sh;
			shellScript = "\"${SRCROOT}/Pods/Target Support Files/Pods-JokeTests/Pods-JokeTests-frameworks.sh\"\n";
			showEnvVarsInLog = 0;
		};
		5D6C3E716F0E81DB60F42D1D /* [CP] Copy Pods Resources */ = {
			isa = PBXShellScriptBuildPhase;
			buildActionMask = 2147483647;
			files = (
			);
			inputPaths = (
			);
			name = "[CP] Copy Pods Resources";
			outputPaths = (
			);
			runOnlyForDeploymentPostprocessing = 0;
			shellPath = /bin/sh;
			shellScript = "\"${SRCROOT}/Pods/Target Support Files/Pods-Joke/Pods-Joke-resources.sh\"\n";
			showEnvVarsInLog = 0;
		};
		6AC9A252010AF723129580CC /* [CP] Embed Pods Frameworks */ = {
			isa = PBXShellScriptBuildPhase;
			buildActionMask = 2147483647;
			files = (
			);
			inputPaths = (
			);
			name = "[CP] Embed Pods Frameworks";
			outputPaths = (
			);
			runOnlyForDeploymentPostprocessing = 0;
			shellPath = /bin/sh;
			shellScript = "\"${SRCROOT}/Pods/Target Support Files/Pods-Joke/Pods-Joke-frameworks.sh\"\n";
			showEnvVarsInLog = 0;
		};
		9037627125AA6D2C500DF809 /* [CP] Check Pods Manifest.lock */ = {
			isa = PBXShellScriptBuildPhase;
			buildActionMask = 2147483647;
			files = (
			);
			inputPaths = (
			);
			name = "[CP] Check Pods Manifest.lock";
			outputPaths = (
			);
			runOnlyForDeploymentPostprocessing = 0;
			shellPath = /bin/sh;
			shellScript = "diff \"${PODS_ROOT}/../Podfile.lock\" \"${PODS_ROOT}/Manifest.lock\" > /dev/null\nif [[ $? != 0 ]] ; then\n    cat << EOM\nerror: The sandbox is not in sync with the Podfile.lock. Run 'pod install' or update your CocoaPods installation.\nEOM\n    exit 1\nfi\n";
			showEnvVarsInLog = 0;
		};
		93BD0A3141962F8E449FA971 /* [CP] Check Pods Manifest.lock */ = {
			isa = PBXShellScriptBuildPhase;
			buildActionMask = 2147483647;
			files = (
			);
			inputPaths = (
			);
			name = "[CP] Check Pods Manifest.lock";
			outputPaths = (
			);
			runOnlyForDeploymentPostprocessing = 0;
			shellPath = /bin/sh;
			shellScript = "diff \"${PODS_ROOT}/../Podfile.lock\" \"${PODS_ROOT}/Manifest.lock\" > /dev/null\nif [[ $? != 0 ]] ; then\n    cat << EOM\nerror: The sandbox is not in sync with the Podfile.lock. Run 'pod install' or update your CocoaPods installation.\nEOM\n    exit 1\nfi\n";
			showEnvVarsInLog = 0;
		};
		B823C631B2C0CD9A2EDEBF8C /* [CP] Check Pods Manifest.lock */ = {
			isa = PBXShellScriptBuildPhase;
			buildActionMask = 2147483647;
			files = (
			);
			inputPaths = (
			);
			name = "[CP] Check Pods Manifest.lock";
			outputPaths = (
			);
			runOnlyForDeploymentPostprocessing = 0;
			shellPath = /bin/sh;
			shellScript = "diff \"${PODS_ROOT}/../Podfile.lock\" \"${PODS_ROOT}/Manifest.lock\" > /dev/null\nif [[ $? != 0 ]] ; then\n    cat << EOM\nerror: The sandbox is not in sync with the Podfile.lock. Run 'pod install' or update your CocoaPods installation.\nEOM\n    exit 1\nfi\n";
			showEnvVarsInLog = 0;
		};
		CAF9A13BD8A616BF43E96C2B /* [CP] Copy Pods Resources */ = {
			isa = PBXShellScriptBuildPhase;
			buildActionMask = 2147483647;
			files = (
			);
			inputPaths = (
			);
			name = "[CP] Copy Pods Resources";
			outputPaths = (
			);
			runOnlyForDeploymentPostprocessing = 0;
			shellPath = /bin/sh;
			shellScript = "\"${SRCROOT}/Pods/Target Support Files/Pods-JokeUITests/Pods-JokeUITests-resources.sh\"\n";
			showEnvVarsInLog = 0;
		};
/* End PBXShellScriptBuildPhase section */

/* Begin PBXSourcesBuildPhase section */
		378A23EE1D2E70D100065431 /* Sources */ = {
			isa = PBXSourcesBuildPhase;
			buildActionMask = 2147483647;
			files = (
				378A242D1D2E716200065431 /* Mine.swift in Sources */,
				378A24401D2E736600065431 /* Guide.swift in Sources */,
				378A243C1D2E731D00065431 /* Data.swift in Sources */,
				378A24271D2E710D00065431 /* Common.swift in Sources */,
				378A24331D2E719F00065431 /* PurePicture.swift in Sources */,
				378A242F1D2E718E00065431 /* Main.swift in Sources */,
				37B966D11D2E9E9D00B25A32 /* PurePictureCell.swift in Sources */,
				378A243A1D2E731800065431 /* RootClass.swift in Sources */,
				378A24311D2E719700065431 /* PureText.swift in Sources */,
				378A23F61D2E70D100065431 /* AppDelegate.swift in Sources */,
				378A24391D2E731800065431 /* Result.swift in Sources */,
				378A24431D2E740100065431 /* PureTextCell.swift in Sources */,
				378A24351D2E71A800065431 /* API.swift in Sources */,
				37B966CD1D2E9A1C00B25A32 /* MineInfoCell.swift in Sources */,
			);
			runOnlyForDeploymentPostprocessing = 0;
		};
		378A24021D2E70D100065431 /* Sources */ = {
			isa = PBXSourcesBuildPhase;
			buildActionMask = 2147483647;
			files = (
				378A240B1D2E70D100065431 /* JokeTests.swift in Sources */,
			);
			runOnlyForDeploymentPostprocessing = 0;
		};
		378A240D1D2E70D100065431 /* Sources */ = {
			isa = PBXSourcesBuildPhase;
			buildActionMask = 2147483647;
			files = (
				378A24161D2E70D100065431 /* JokeUITests.swift in Sources */,
			);
			runOnlyForDeploymentPostprocessing = 0;
		};
/* End PBXSourcesBuildPhase section */

/* Begin PBXTargetDependency section */
		378A24081D2E70D100065431 /* PBXTargetDependency */ = {
			isa = PBXTargetDependency;
			target = 378A23F11D2E70D100065431 /* Joke */;
			targetProxy = 378A24071D2E70D100065431 /* PBXContainerItemProxy */;
		};
		378A24131D2E70D100065431 /* PBXTargetDependency */ = {
			isa = PBXTargetDependency;
			target = 378A23F11D2E70D100065431 /* Joke */;
			targetProxy = 378A24121D2E70D100065431 /* PBXContainerItemProxy */;
		};
/* End PBXTargetDependency section */

/* Begin PBXVariantGroup section */
		378A23FE1D2E70D100065431 /* LaunchScreen.storyboard */ = {
			isa = PBXVariantGroup;
			children = (
				378A23FF1D2E70D100065431 /* Base */,
			);
			name = LaunchScreen.storyboard;
			sourceTree = "<group>";
		};
/* End PBXVariantGroup section */

/* Begin XCBuildConfiguration section */
		378A24181D2E70D100065431 /* Debug */ = {
			isa = XCBuildConfiguration;
			buildSettings = {
				ALWAYS_SEARCH_USER_PATHS = NO;
				CLANG_ANALYZER_NONNULL = YES;
				CLANG_CXX_LANGUAGE_STANDARD = "gnu++0x";
				CLANG_CXX_LIBRARY = "libc++";
				CLANG_ENABLE_MODULES = YES;
				CLANG_ENABLE_OBJC_ARC = YES;
				CLANG_WARN_BOOL_CONVERSION = YES;
				CLANG_WARN_CONSTANT_CONVERSION = YES;
				CLANG_WARN_DIRECT_OBJC_ISA_USAGE = YES_ERROR;
				CLANG_WARN_EMPTY_BODY = YES;
				CLANG_WARN_ENUM_CONVERSION = YES;
				CLANG_WARN_INT_CONVERSION = YES;
				CLANG_WARN_OBJC_ROOT_CLASS = YES_ERROR;
				CLANG_WARN_UNREACHABLE_CODE = YES;
				CLANG_WARN__DUPLICATE_METHOD_MATCH = YES;
				"CODE_SIGN_IDENTITY[sdk=iphoneos*]" = "iPhone Developer";
				COPY_PHASE_STRIP = NO;
				DEBUG_INFORMATION_FORMAT = dwarf;
				ENABLE_STRICT_OBJC_MSGSEND = YES;
				ENABLE_TESTABILITY = YES;
				GCC_C_LANGUAGE_STANDARD = gnu99;
				GCC_DYNAMIC_NO_PIC = NO;
				GCC_NO_COMMON_BLOCKS = YES;
				GCC_OPTIMIZATION_LEVEL = 0;
				GCC_PREPROCESSOR_DEFINITIONS = (
					"DEBUG=1",
					"$(inherited)",
				);
				GCC_WARN_64_TO_32_BIT_CONVERSION = YES;
				GCC_WARN_ABOUT_RETURN_TYPE = YES_ERROR;
				GCC_WARN_UNDECLARED_SELECTOR = YES;
				GCC_WARN_UNINITIALIZED_AUTOS = YES_AGGRESSIVE;
				GCC_WARN_UNUSED_FUNCTION = YES;
				GCC_WARN_UNUSED_VARIABLE = YES;
				IPHONEOS_DEPLOYMENT_TARGET = 9.3;
				MTL_ENABLE_DEBUG_INFO = YES;
				ONLY_ACTIVE_ARCH = YES;
				SDKROOT = iphoneos;
				SWIFT_OPTIMIZATION_LEVEL = "-Onone";
			};
			name = Debug;
		};
		378A24191D2E70D100065431 /* Release */ = {
			isa = XCBuildConfiguration;
			buildSettings = {
				ALWAYS_SEARCH_USER_PATHS = NO;
				CLANG_ANALYZER_NONNULL = YES;
				CLANG_CXX_LANGUAGE_STANDARD = "gnu++0x";
				CLANG_CXX_LIBRARY = "libc++";
				CLANG_ENABLE_MODULES = YES;
				CLANG_ENABLE_OBJC_ARC = YES;
				CLANG_WARN_BOOL_CONVERSION = YES;
				CLANG_WARN_CONSTANT_CONVERSION = YES;
				CLANG_WARN_DIRECT_OBJC_ISA_USAGE = YES_ERROR;
				CLANG_WARN_EMPTY_BODY = YES;
				CLANG_WARN_ENUM_CONVERSION = YES;
				CLANG_WARN_INT_CONVERSION = YES;
				CLANG_WARN_OBJC_ROOT_CLASS = YES_ERROR;
				CLANG_WARN_UNREACHABLE_CODE = YES;
				CLANG_WARN__DUPLICATE_METHOD_MATCH = YES;
				"CODE_SIGN_IDENTITY[sdk=iphoneos*]" = "iPhone Developer";
				COPY_PHASE_STRIP = NO;
				DEBUG_INFORMATION_FORMAT = "dwarf-with-dsym";
				ENABLE_NS_ASSERTIONS = NO;
				ENABLE_STRICT_OBJC_MSGSEND = YES;
				GCC_C_LANGUAGE_STANDARD = gnu99;
				GCC_NO_COMMON_BLOCKS = YES;
				GCC_WARN_64_TO_32_BIT_CONVERSION = YES;
				GCC_WARN_ABOUT_RETURN_TYPE = YES_ERROR;
				GCC_WARN_UNDECLARED_SELECTOR = YES;
				GCC_WARN_UNINITIALIZED_AUTOS = YES_AGGRESSIVE;
				GCC_WARN_UNUSED_FUNCTION = YES;
				GCC_WARN_UNUSED_VARIABLE = YES;
				IPHONEOS_DEPLOYMENT_TARGET = 9.3;
				MTL_ENABLE_DEBUG_INFO = NO;
				SDKROOT = iphoneos;
				VALIDATE_PRODUCT = YES;
			};
			name = Release;
		};
		378A241B1D2E70D100065431 /* Debug */ = {
			isa = XCBuildConfiguration;
			baseConfigurationReference = DF7BF22AE273E18111EDC229 /* Pods-Joke.debug.xcconfig */;
			buildSettings = {
				ASSETCATALOG_COMPILER_APPICON_NAME = AppIcon;
				INFOPLIST_FILE = Joke/Info.plist;
				LD_RUNPATH_SEARCH_PATHS = "$(inherited) @executable_path/Frameworks";
				PRODUCT_BUNDLE_IDENTIFIER = com.geekbing.Joke;
				PRODUCT_NAME = "$(TARGET_NAME)";
			};
			name = Debug;
		};
		378A241C1D2E70D100065431 /* Release */ = {
			isa = XCBuildConfiguration;
			baseConfigurationReference = 55EE2D56584BF71C5F1A9DBB /* Pods-Joke.release.xcconfig */;
			buildSettings = {
				ASSETCATALOG_COMPILER_APPICON_NAME = AppIcon;
				INFOPLIST_FILE = Joke/Info.plist;
				LD_RUNPATH_SEARCH_PATHS = "$(inherited) @executable_path/Frameworks";
				PRODUCT_BUNDLE_IDENTIFIER = com.geekbing.Joke;
				PRODUCT_NAME = "$(TARGET_NAME)";
			};
			name = Release;
		};
		378A241E1D2E70D100065431 /* Debug */ = {
			isa = XCBuildConfiguration;
			baseConfigurationReference = D71822DC9D59ED530348D231 /* Pods-JokeTests.debug.xcconfig */;
			buildSettings = {
				BUNDLE_LOADER = "$(TEST_HOST)";
				INFOPLIST_FILE = JokeTests/Info.plist;
				LD_RUNPATH_SEARCH_PATHS = "$(inherited) @executable_path/Frameworks @loader_path/Frameworks";
				PRODUCT_BUNDLE_IDENTIFIER = com.geekbing.JokeTests;
				PRODUCT_NAME = "$(TARGET_NAME)";
				TEST_HOST = "$(BUILT_PRODUCTS_DIR)/Joke.app/Joke";
			};
			name = Debug;
		};
		378A241F1D2E70D100065431 /* Release */ = {
			isa = XCBuildConfiguration;
			baseConfigurationReference = 1ADB41CC8DBD09FBB054E99F /* Pods-JokeTests.release.xcconfig */;
			buildSettings = {
				BUNDLE_LOADER = "$(TEST_HOST)";
				INFOPLIST_FILE = JokeTests/Info.plist;
				LD_RUNPATH_SEARCH_PATHS = "$(inherited) @executable_path/Frameworks @loader_path/Frameworks";
				PRODUCT_BUNDLE_IDENTIFIER = com.geekbing.JokeTests;
				PRODUCT_NAME = "$(TARGET_NAME)";
				TEST_HOST = "$(BUILT_PRODUCTS_DIR)/Joke.app/Joke";
			};
			name = Release;
		};
		378A24211D2E70D100065431 /* Debug */ = {
			isa = XCBuildConfiguration;
			baseConfigurationReference = 8B7AD8496F2192A839A5ACA1 /* Pods-JokeUITests.debug.xcconfig */;
			buildSettings = {
				INFOPLIST_FILE = JokeUITests/Info.plist;
				LD_RUNPATH_SEARCH_PATHS = "$(inherited) @executable_path/Frameworks @loader_path/Frameworks";
				PRODUCT_BUNDLE_IDENTIFIER = com.geekbing.JokeUITests;
				PRODUCT_NAME = "$(TARGET_NAME)";
				TEST_TARGET_NAME = Joke;
			};
			name = Debug;
		};
		378A24221D2E70D100065431 /* Release */ = {
			isa = XCBuildConfiguration;
			baseConfigurationReference = 849EFC4714B30CBD0EC3F1B8 /* Pods-JokeUITests.release.xcconfig */;
			buildSettings = {
				INFOPLIST_FILE = JokeUITests/Info.plist;
				LD_RUNPATH_SEARCH_PATHS = "$(inherited) @executable_path/Frameworks @loader_path/Frameworks";
				PRODUCT_BUNDLE_IDENTIFIER = com.geekbing.JokeUITests;
				PRODUCT_NAME = "$(TARGET_NAME)";
				TEST_TARGET_NAME = Joke;
			};
			name = Release;
		};
/* End XCBuildConfiguration section */

/* Begin XCConfigurationList section */
		378A23ED1D2E70D100065431 /* Build configuration list for PBXProject "Joke" */ = {
			isa = XCConfigurationList;
			buildConfigurations = (
				378A24181D2E70D100065431 /* Debug */,
				378A24191D2E70D100065431 /* Release */,
			);
			defaultConfigurationIsVisible = 0;
			defaultConfigurationName = Release;
		};
		378A241A1D2E70D100065431 /* Build configuration list for PBXNativeTarget "Joke" */ = {
			isa = XCConfigurationList;
			buildConfigurations = (
				378A241B1D2E70D100065431 /* Debug */,
				378A241C1D2E70D100065431 /* Release */,
			);
			defaultConfigurationIsVisible = 0;
			defaultConfigurationName = Release;
		};
		378A241D1D2E70D100065431 /* Build configuration list for PBXNativeTarget "JokeTests" */ = {
			isa = XCConfigurationList;
			buildConfigurations = (
				378A241E1D2E70D100065431 /* Debug */,
				378A241F1D2E70D100065431 /* Release */,
			);
			defaultConfigurationIsVisible = 0;
			defaultConfigurationName = Release;
		};
		378A24201D2E70D100065431 /* Build configuration list for PBXNativeTarget "JokeUITests" */ = {
			isa = XCConfigurationList;
			buildConfigurations = (
				378A24211D2E70D100065431 /* Debug */,
				378A24221D2E70D100065431 /* Release */,
			);
			defaultConfigurationIsVisible = 0;
			defaultConfigurationName = Release;
		};
/* End XCConfigurationList section */
	};
	rootObject = 378A23EA1D2E70D100065431 /* Project object */;
}
